# Reviewed x86-64 Ubuntu toolchain inputs. Update versions and checksums together.
# Provenance: https://api.github.com/repos/astral-sh/uv/releases/latest
# Provenance: https://raw.githubusercontent.com/astral-sh/python-build-standalone/latest-release/latest-release.json
# Provenance: https://api.github.com/repos/astral-sh/python-build-standalone/releases/tags/20260814
# Provenance: https://packages.microsoft.com/repos/microsoft-ubuntu-noble-prod/dists/noble/main/binary-amd64/Packages.gz
# Provenance: https://pkgs.tailscale.com/stable/
# Provenance: https://api.github.com/repos/rust-lang/rustup/tags?per_page=5
# Provenance: https://static.rust-lang.org/dist/channel-rust-stable.toml
# Provenance: https://nodejs.org/dist/index.json
# Provenance: https://nodejs.org/dist/v24.19.0/SHASUMS256.txt
# Provenance: https://api.github.com/repos/nathanestone-alt/rtk/commits?per_page=1
# Provenance: https://registry.npmjs.org/@openai%2Fcodex/latest
# Provenance: https://registry.npmjs.org/@anthropic-ai%2Fclaude-code/latest
# Provenance: https://registry.npmjs.org/bun/latest
# Provenance: https://api.github.com/repos/herdrdev/herdr/releases/latest
UV_VERSION=0.12.5
UV_PLATFORM=x86_64-unknown-linux-gnu
UV_URL=https://github.com/astral-sh/uv/releases/download/0.12.5/uv-x86_64-unknown-linux-gnu.tar.gz
UV_SHA256=68a509da24b06b4223a1c0175fb5eb5bc79342b76cbeff0cfe51ac3f5b17b6b2
PYTHON_VERSION=3.13.15
PYTHON_RELEASE=20260814
PYTHON_PLATFORM=x86_64-unknown-linux-gnu
PYTHON_ARCHIVE=cpython-3.13.15+20260814-x86_64-unknown-linux-gnu-install_only_stripped.tar.gz
PYTHON_URL=https://github.com/astral-sh/python-build-standalone/releases/download/20260814/cpython-3.13.15%2B20260814-x86_64-unknown-linux-gnu-install_only_stripped.tar.gz
PYTHON_SHA256=aaca2af2ab4d7b68a712660d1334c0cfd5ec13c0312ccd30c29122d8d0342320
RTK_REPO_URL=https://github.com/nathanestone-alt/rtk.git
RTK_REF=5d32d0736f686b69d1e8b9dc45c007d4eb77a0a2
POWERSHELL_VERSION=7.6.5
POWERSHELL_URL=https://packages.microsoft.com/repos/microsoft-ubuntu-noble-prod/pool/main/p/powershell/powershell_7.6.5-1.deb_amd64.deb
POWERSHELL_SHA256=dd683d29a5c95ed43e426f4fe1679469d8b89e78ea955455f6238a0b0e6f1a24
TAILSCALE_VERSION=1.102.2
TAILSCALE_INSTALLER_URL=https://tailscale.com/install.sh
TAILSCALE_INSTALLER_SHA256=805e85ed6f6f81a7ea2e70d52d47e7d5290863299e5c922b2787d71aa312f22e
RUSTUP_VERSION=1.29.0
RUSTUP_INIT_URL=https://static.rust-lang.org/rustup/archive/1.29.0/x86_64-unknown-linux-gnu/rustup-init
RUSTUP_INIT_SHA256=4acc9acc76d5079515b46346a485974457b5a79893cfb01112423c89aeb5aa10
RUST_TOOLCHAIN=1.97.1
NODE_VERSION=24.19.0
NODE_URL=https://nodejs.org/dist/v24.19.0/node-v24.19.0-linux-x64.tar.gz
NODE_SHA256=f625d97cd707df4ff96254916fbc5ff014f09c09effe5a1e0ca8f6d41a8789d4
CODEX_VERSION=0.148.0
CLAUDE_VERSION=2.1.235
BUN_VERSION=1.3.14
HERDR_VERSION=0.8.0
HERDR_URL=https://github.com/herdrdev/herdr/releases/download/v0.8.0/herdr-linux-x86_64
HERDR_SHA256=b872ea7e40fa2cb17e857ac9b62b1bf26db7b403c622f5d2f3f5b35f6e9acd28
